{
  "name": "file-upload",
  "version": "1.0.0",
  "lockfileVersion": 3,
  "requires": true,
  "packages": {
    "": {
      "name": "file-upload",
      "version": "1.0.0",
      "license": "ISC",
      "dependencies": {
        "@aws-sdk/signature-v4a": "^3.972.0"
      }
    },
    "node_modules/@aws-sdk/signature-v4a": {
      "version": "3.972.0",
      "resolved": "https://registry.npmjs.org/@aws-sdk/signature-v4a/-/signature-v4a-3.972.0.tgz",
      "integrity": "sha512-JLSax5bWHoU8MwH6Nv3djT2haADLtiSwHjJbULQkBGYdZ+y2qSClNWry2MR+pSDzQOMCG8AudT4+H+u6ZTYpTw==",
      "license": "Apache-2.0",
      "dependencies": {
        "@smithy/signature-v4a": "^3.1.8",
        "tslib": "^2.6.2"
      },
      "engines": {
        "node": ">=20.0.0"
      }
    },
    "node_modules/@smithy/is-array-buffer": {
      "version": "4.2.0",
      "resolved": "https://registry.npmjs.org/@smithy/is-array-buffer/-/is-array-buffer-4.2.0.tgz",
      "integrity": "sha512-DZZZBvC7sjcYh4MazJSGiWMI2L7E0oCiRHREDzIxi/M2LY79/21iXt6aPLHge82wi5LsuRF5A06Ds3+0mlh6CQ==",
      "license": "Apache-2.0",
      "dependencies": {
        "tslib": "^2.6.2"
      },
      "engines": {
        "node": ">=18.0.0"
      }
    },
    "node_modules/@smithy/protocol-http": {
      "version": "5.3.8",
      "resolved": "https://registry.npmjs.org/@smithy/protocol-http/-/protocol-http-5.3.8.tgz",
      "integrity": "sha512-QNINVDhxpZ5QnP3aviNHQFlRogQZDfYlCkQT+7tJnErPQbDhysondEjhikuANxgMsZrkGeiAxXy4jguEGsDrWQ==",
      "license": "Apache-2.0",
      "dependencies": {
        "@smithy/types": "^4.12.0",
        "tslib": "^2.6.2"
      },
      "engines": {
        "node": ">=18.0.0"
      }
    },
    "node_modules/@smithy/signature-v4": {
      "version": "5.3.8",
      "resolved": "https://registry.npmjs.org/@smithy/signature-v4/-/signature-v4-5.3.8.tgz",
      "integrity": "sha512-6A4vdGj7qKNRF16UIcO8HhHjKW27thsxYci+5r/uVRkdcBEkOEiY8OMPuydLX4QHSrJqGHPJzPRwwVTqbLZJhg==",
      "license": "Apache-2.0",
      "dependencies": {
        "@smithy/is-array-buffer": "^4.2.0",
        "@smithy/protocol-http": "^5.3.8",
        "@smithy/types": "^4.12.0",
        "@smithy/util-hex-encoding": "^4.2.0",
        "@smithy/util-middleware": "^4.2.8",
        "@smithy/util-uri-escape": "^4.2.0",
        "@smithy/util-utf8": "^4.2.0",
        "tslib": "^2.6.2"
      },
      "engines": {
        "node": ">=18.0.0"
      }
    },
    "node_modules/@smithy/signature-v4a": {
      "version": "3.1.8",
      "resolved": "https://registry.npmjs.org/@smithy/signature-v4a/-/signature-v4a-3.1.8.tgz",
      "integrity": "sha512-6qjd6mDADt2ZkIUW04VcPtZlDdHZ0iYwZTQ9rljDite2jeDRe6OvYR7Se4K02dWYt85PudVD4CPfn795hAJ6qg==",
      "license": "Apache-2.0",
      "dependencies": {
        "@smithy/signature-v4": "^5.3.8",
        "@smithy/types": "^4.12.0",
        "@smithy/util-hex-encoding": "^4.2.0",
        "@smithy/util-utf8": "^4.2.0",
        "tslib": "^2.6.2"
      },
      "engines": {
        "node": ">=18.0.0"
      }
    },
    "node_modules/@smithy/types": {
      "version": "4.12.0",
      "resolved": "https://registry.npmjs.org/@smithy/types/-/types-4.12.0.tgz",
      "integrity": "sha512-9YcuJVTOBDjg9LWo23Qp0lTQ3D7fQsQtwle0jVfpbUHy9qBwCEgKuVH4FqFB3VYu0nwdHKiEMA+oXz7oV8X1kw==",
      "license": "Apache-2.0",
      "dependencies": {
        "tslib": "^2.6.2"
      },
      "engines": {
        "node": ">=18.0.0"
      }
    },
    "node_modules/@smithy/util-buffer-from": {
      "version": "4.2.0",
      "resolved": "https://registry.npmjs.org/@smithy/util-buffer-from/-/util-buffer-from-4.2.0.tgz",
      "integrity": "sha512-kAY9hTKulTNevM2nlRtxAG2FQ3B2OR6QIrPY3zE5LqJy1oxzmgBGsHLWTcNhWXKchgA0WHW+mZkQrng/pgcCew==",
      "license": "Apache-2.0",
      "dependencies": {
        "@smithy/is-array-buffer": "^4.2.0",
        "tslib": "^2.6.2"
      },
      "engines": {
        "node": ">=18.0.0"
      }
    },
    "node_modules/@smithy/util-hex-encoding": {
      "version": "4.2.0",
      "resolved": "https://registry.npmjs.org/@smithy/util-hex-encoding/-/util-hex-encoding-4.2.0.tgz",
      "integrity": "sha512-CCQBwJIvXMLKxVbO88IukazJD9a4kQ9ZN7/UMGBjBcJYvatpWk+9g870El4cB8/EJxfe+k+y0GmR9CAzkF+Nbw==",
      "license": "Apache-2.0",
      "dependencies": {
        "tslib": "^2.6.2"
      },
      "engines": {
        "node": ">=18.0.0"
      }
    },
    "node_modules/@smithy/util-middleware": {
      "version": "4.2.8",
      "resolved": "https://registry.npmjs.org/@smithy/util-middleware/-/util-middleware-4.2.8.tgz",
      "integrity": "sha512-PMqfeJxLcNPMDgvPbbLl/2Vpin+luxqTGPpW3NAQVLbRrFRzTa4rNAASYeIGjRV9Ytuhzny39SpyU04EQreF+A==",
      "license": "Apache-2.0",
      "dependencies": {
        "@smithy/types": "^4.12.0",
        "tslib": "^2.6.2"
      },
      "engines": {
        "node": ">=18.0.0"
      }
    },
    "node_modules/@smithy/util-uri-escape": {
      "version": "4.2.0",
      "resolved": "https://registry.npmjs.org/@smithy/util-uri-escape/-/util-uri-escape-4.2.0.tgz",
      "integrity": "sha512-igZpCKV9+E/Mzrpq6YacdTQ0qTiLm85gD6N/IrmyDvQFA4UnU3d5g3m8tMT/6zG/vVkWSU+VxeUyGonL62DuxA==",
      "license": "Apache-2.0",
      "dependencies": {
        "tslib": "^2.6.2"
      },
      "engines": {
        "node": ">=18.0.0"
      }
    },
    "node_modules/@smithy/util-utf8": {
      "version": "4.2.0",
      "resolved": "https://registry.npmjs.org/@smithy/util-utf8/-/util-utf8-4.2.0.tgz",
      "integrity": "sha512-zBPfuzoI8xyBtR2P6WQj63Rz8i3AmfAaJLuNG8dWsfvPe8lO4aCPYLn879mEgHndZH1zQ2oXmG8O1GGzzaoZiw==",
      "license": "Apache-2.0",
      "dependencies": {
        "@smithy/util-buffer-from": "^4.2.0",
        "tslib": "^2.6.2"
      },
      "engines": {
        "node": ">=18.0.0"
      }
    },
    "node_modules/tslib": {
      "version": "2.8.1",
      "resolved": "https://registry.npmjs.org/tslib/-/tslib-2.8.1.tgz",
      "integrity": "sha512-oJFu94HQb+KVduSUQL7wnpmqnfmLsOA/nAh6b6EH0wCEoK0/mPeXU6c3wKDV83MkOuHPRHtSXKKU99IBazS/2w==",
      "license": "0BSD"
    }
  }
}
